
Microsoft Visual Studio Solution File, Format Version 12.00
# Visual Studio Version 17
VisualStudioVersion = 17.7.34202.233
MinimumVisualStudioVersion = 10.0.40219.1
Project("{FAE04EC0-301F-11D3-BF4B-00C04F79EFBC}") = "projeto_algoritmoGenetico", "projeto_algoritmoGenetico.csproj", "{2A8E91E2-C6E3-47E7-BD2B-0C2985114081}"
EndProject
Global
	GlobalSection(SolutionConfigurationPlatforms) = preSolution
		Debug|Any CPU = Debug|Any CPU
		Release|Any CPU = Release|Any CPU
	EndGlobalSection
	GlobalSection(ProjectConfigurationPlatforms) = postSolution
		{2A8E91E2-C6E3-47E7-BD2B-0C2985114081}.Debug|Any CPU.ActiveCfg = Debug|Any CPU
		{2A8E91E2-C6E3-47E7-BD2B-0C2985114081}.Debug|Any CPU.Build.0 = Debug|Any CPU
		{2A8E91E2-C6E3-47E7-BD2B-0C2985114081}.Release|Any CPU.ActiveCfg = Release|Any CPU
		{2A8E91E2-C6E3-47E7-BD2B-0C2985114081}.Release|Any CPU.Build.0 = Release|Any CPU
	EndGlobalSection
	GlobalSection(SolutionProperties) = preSolution
		HideSolutionNode = FALSE
	EndGlobalSection
	GlobalSection(ExtensibilityGlobals) = postSolution
		SolutionGuid = {E72F5AAA-C5E5-48FC-B3E5-A070591FAE6E}
	EndGlobalSection
EndGlobal
